// !$*UTF8*$!
{
	archiveVersion = 1;
	classes = {
	};
	objectVersion = 56;
	objects = {

/* Begin PBXBuildFile section */
		05D38F1E2C6F458A00715139 /* ExpandableSearchBarProgressiveBlurEffectApp.swift in Sources */ = {isa = PBXBuildFile; fileRef = 05D38F1D2C6F458A00715139 /* ExpandableSearchBarProgressiveBlurEffectApp.swift */; };
		05D38F202C6F458A00715139 /* ContentView.swift in Sources */ = {isa = PBXBuildFile; fileRef = 05D38F1F2C6F458A00715139 /* ContentView.swift */; };
		05D38F222C6F458C00715139 /* Assets.xcassets in Resources */ = {isa = PBXBuildFile; fileRef = 05D38F212C6F458C00715139 /* Assets.xcassets */; };
		05D38F262C6F458C00715139 /* Preview Assets.xcassets in Resources */ = {isa = PBXBuildFile; fileRef = 05D38F252C6F458C00715139 /* Preview Assets.xcassets */; };
		05D38F302C6F467D00715139 /* Item.swift in Sources */ = {isa = PBXBuildFile; fileRef = 05D38F2F2C6F467D00715139 /* Item.swift */; };
		05D38F322C6F49E000715139 /* Home.swift in Sources */ = {isa = PBXBuildFile; fileRef = 05D38F312C6F49E000715139 /* Home.swift */; };
		05D38F342C6F9FC200715139 /* ProgressiveBlurView.swift in Sources */ = {isa = PBXBuildFile; fileRef = 05D38F332C6F9FC200715139 /* ProgressiveBlurView.swift */; };
/* End PBXBuildFile section */

/* Begin PBXFileReference section */
		05D38F1A2C6F458A00715139 /* ExpandableSearchBarProgressiveBlurEffect.app */ = {isa = PBXFileReference; explicitFileType = wrapper.application; includeInIndex = 0; path = ExpandableSearchBarProgressiveBlurEffect.app; sourceTree = BUILT_PRODUCTS_DIR; };
		05D38F1D2C6F458A00715139 /* ExpandableSearchBarProgressiveBlurEffectApp.swift */ = {isa = PBXFileReference; lastKnownFileType = sourcecode.swift; path = ExpandableSearchBarProgressiveBlurEffectApp.swift; sourceTree = "<group>"; };
		05D38F1F2C6F458A00715139 /* ContentView.swift */ = {isa = PBXFileReference; lastKnownFileType = sourcecode.swift; path = ContentView.swift; sourceTree = "<group>"; };
		05D38F212C6F458C00715139 /* Assets.xcassets */ = {isa = PBXFileReference; lastKnownFileType = folder.assetcatalog; path = Assets.xcassets; sourceTree = "<group>"; };
		05D38F232C6F458C00715139 /* ExpandableSearchBarProgressiveBlurEffect.entitlements */ = {isa = PBXFileReference; lastKnownFileType = text.plist.entitlements; path = ExpandableSearchBarProgressiveBlurEffect.entitlements; sourceTree = "<group>"; };
		05D38F252C6F458C00715139 /* Preview Assets.xcassets */ = {isa = PBXFileReference; lastKnownFileType = folder.assetcatalog; path = "Preview Assets.xcassets"; sourceTree = "<group>"; };
		05D38F2F2C6F467D00715139 /* Item.swift */ = {isa = PBXFileReference; lastKnownFileType = sourcecode.swift; path = Item.swift; sourceTree = "<group>"; };
		05D38F312C6F49E000715139 /* Home.swift */ = {isa = PBXFileReference; lastKnownFileType = sourcecode.swift; path = Home.swift; sourceTree = "<group>"; };
		05D38F332C6F9FC200715139 /* ProgressiveBlurView.swift */ = {isa = PBXFileReference; lastKnownFileType = sourcecode.swift; path = ProgressiveBlurView.swift; sourceTree = "<group>"; };
/* End PBXFileReference section */

/* Begin PBXFrameworksBuildPhase section */
		05D38F172C6F458A00715139 /* Frameworks */ = {
			isa = PBXFrameworksBuildPhase;
			buildActionMask = 2147483647;
			files = (
			);
			runOnlyForDeploymentPostprocessing = 0;
		};
/* End PBXFrameworksBuildPhase section */

/* Begin PBXGroup section */
		05D38F112C6F458A00715139 = {
			isa = PBXGroup;
			children = (
				05D38F1C2C6F458A00715139 /* ExpandableSearchBarProgressiveBlurEffect */,
				05D38F1B2C6F458A00715139 /* Products */,
			);
			sourceTree = "<group>";
		};
		05D38F1B2C6F458A00715139 /* Products */ = {
			isa = PBXGroup;
			children = (
				05D38F1A2C6F458A00715139 /* ExpandableSearchBarProgressiveBlurEffect.app */,
			);
			name = Products;
			sourceTree = "<group>";
		};
		05D38F1C2C6F458A00715139 /* ExpandableSearchBarProgressiveBlurEffect */ = {
			isa = PBXGroup;
			children = (
				05D38F2E2C6F466200715139 /* Views */,
				05D38F2D2C6F465A00715139 /* Model */,
				05D38F1D2C6F458A00715139 /* ExpandableSearchBarProgressiveBlurEffectApp.swift */,
				05D38F1F2C6F458A00715139 /* ContentView.swift */,
				05D38F212C6F458C00715139 /* Assets.xcassets */,
				05D38F232C6F458C00715139 /* ExpandableSearchBarProgressiveBlurEffect.entitlements */,
				05D38F242C6F458C00715139 /* Preview Content */,
			);
			path = ExpandableSearchBarProgressiveBlurEffect;
			sourceTree = "<group>";
		};
		05D38F242C6F458C00715139 /* Preview Content */ = {
			isa = PBXGroup;
			children = (
				05D38F252C6F458C00715139 /* Preview Assets.xcassets */,
			);
			path = "Preview Content";
			sourceTree = "<group>";
		};
		05D38F2D2C6F465A00715139 /* Model */ = {
			isa = PBXGroup;
			children = (
				05D38F2F2C6F467D00715139 /* Item.swift */,
			);
			path = Model;
			sourceTree = "<group>";
		};
		05D38F2E2C6F466200715139 /* Views */ = {
			isa = PBXGroup;
			children = (
				05D38F312C6F49E000715139 /* Home.swift */,
				05D38F332C6F9FC200715139 /* ProgressiveBlurView.swift */,
			);
			path = Views;
			sourceTree = "<group>";
		};
/* End PBXGroup section */

/* Begin PBXNativeTarget section */
		05D38F192C6F458A00715139 /* ExpandableSearchBarProgressiveBlurEffect */ = {
			isa = PBXNativeTarget;
			buildConfigurationList = 05D38F292C6F458C00715139 /* Build configuration list for PBXNativeTarget "ExpandableSearchBarProgressiveBlurEffect" */;
			buildPhases = (
				05D38F162C6F458A00715139 /* Sources */,
				05D38F172C6F458A00715139 /* Frameworks */,
				05D38F182C6F458A00715139 /* Resources */,
			);
			buildRules = (
			);
			dependencies = (
			);
			name = ExpandableSearchBarProgressiveBlurEffect;
			productName = ExpandableSearchBarProgressiveBlurEffect;
			productReference = 05D38F1A2C6F458A00715139 /* ExpandableSearchBarProgressiveBlurEffect.app */;
			productType = "com.apple.product-type.application";
		};
/* End PBXNativeTarget section */

/* Begin PBXProject section */
		05D38F122C6F458A00715139 /* Project object */ = {
			isa = PBXProject;
			attributes = {
				BuildIndependentTargetsInParallel = 1;
				LastSwiftUpdateCheck = 1540;
				LastUpgradeCheck = 1540;
				TargetAttributes = {
					05D38F192C6F458A00715139 = {
						CreatedOnToolsVersion = 15.4;
					};
				};
			};
			buildConfigurationList = 05D38F152C6F458A00715139 /* Build configuration list for PBXProject "ExpandableSearchBarProgressiveBlurEffect" */;
			compatibilityVersion = "Xcode 14.0";
			developmentRegion = en;
			hasScannedForEncodings = 0;
			knownRegions = (
				en,
				Base,
			);
			mainGroup = 05D38F112C6F458A00715139;
			productRefGroup = 05D38F1B2C6F458A00715139 /* Products */;
			projectDirPath = "";
			projectRoot = "";
			targets = (
				05D38F192C6F458A00715139 /* ExpandableSearchBarProgressiveBlurEffect */,
			);
		};
/* End PBXProject section */

/* Begin PBXResourcesBuildPhase section */
		05D38F182C6F458A00715139 /* Resources */ = {
			isa = PBXResourcesBuildPhase;
			buildActionMask = 2147483647;
			files = (
				05D38F262C6F458C00715139 /* Preview Assets.xcassets in Resources */,
				05D38F222C6F458C00715139 /* Assets.xcassets in Resources */,
			);
			runOnlyForDeploymentPostprocessing = 0;
		};
/* End PBXResourcesBuildPhase section */

/* Begin PBXSourcesBuildPhase section */
		05D38F162C6F458A00715139 /* Sources */ = {
			isa = PBXSourcesBuildPhase;
			buildActionMask = 2147483647;
			files = (
				05D38F202C6F458A00715139 /* ContentView.swift in Sources */,
				05D38F302C6F467D00715139 /* Item.swift in Sources */,
				05D38F322C6F49E000715139 /* Home.swift in Sources */,
				05D38F1E2C6F458A00715139 /* ExpandableSearchBarProgressiveBlurEffectApp.swift in Sources */,
				05D38F342C6F9FC200715139 /* ProgressiveBlurView.swift in Sources */,
			);
			runOnlyForDeploymentPostprocessing = 0;
		};
/* End PBXSourcesBuildPhase section */

/* Begin XCBuildConfiguration section */
		05D38F272C6F458C00715139 /* Debug */ = {
			isa = XCBuildConfiguration;
			buildSettings = {
				ALWAYS_SEARCH_USER_PATHS = NO;
				ASSETCATALOG_COMPILER_GENERATE_SWIFT_ASSET_SYMBOL_EXTENSIONS = YES;
				CLANG_ANALYZER_NONNULL = YES;
				CLANG_ANALYZER_NUMBER_OBJECT_CONVERSION = YES_AGGRESSIVE;
				CLANG_CXX_LANGUAGE_STANDARD = "gnu++20";
				CLANG_ENABLE_MODULES = YES;
				CLANG_ENABLE_OBJC_ARC = YES;
				CLANG_ENABLE_OBJC_WEAK = YES;
				CLANG_WARN_BLOCK_CAPTURE_AUTORELEASING = YES;
				CLANG_WARN_BOOL_CONVERSION = YES;
				CLANG_WARN_COMMA = YES;
				CLANG_WARN_CONSTANT_CONVERSION = YES;
				CLANG_WARN_DEPRECATED_OBJC_IMPLEMENTATIONS = YES;
				CLANG_WARN_DIRECT_OBJC_ISA_USAGE = YES_ERROR;
				CLANG_WARN_DOCUMENTATION_COMMENTS = YES;
				CLANG_WARN_EMPTY_BODY = YES;
				CLANG_WARN_ENUM_CONVERSION = YES;
				CLANG_WARN_INFINITE_RECURSION = YES;
				CLANG_WARN_INT_CONVERSION = YES;
				CLANG_WARN_NON_LITERAL_NULL_CONVERSION = YES;
				CLANG_WARN_OBJC_IMPLICIT_RETAIN_SELF = YES;
				CLANG_WARN_OBJC_LITERAL_CONVERSION = YES;
				CLANG_WARN_OBJC_ROOT_CLASS = YES_ERROR;
				CLANG_WARN_QUOTED_INCLUDE_IN_FRAMEWORK_HEADER = YES;
				CLANG_WARN_RANGE_LOOP_ANALYSIS = YES;
				CLANG_WARN_STRICT_PROTOTYPES = YES;
				CLANG_WARN_SUSPICIOUS_MOVE = YES;
				CLANG_WARN_UNGUARDED_AVAILABILITY = YES_AGGRESSIVE;
				CLANG_WARN_UNREACHABLE_CODE = YES;
				CLANG_WARN__DUPLICATE_METHOD_MATCH = YES;
				COPY_PHASE_STRIP = NO;
				DEBUG_INFORMATION_FORMAT = dwarf;
				ENABLE_STRICT_OBJC_MSGSEND = YES;
				ENABLE_TESTABILITY = YES;
				ENABLE_USER_SCRIPT_SANDBOXING = YES;
				GCC_C_LANGUAGE_STANDARD = gnu17;
				GCC_DYNAMIC_NO_PIC = NO;
				GCC_NO_COMMON_BLOCKS = YES;
				GCC_OPTIMIZATION_LEVEL = 0;
				GCC_PREPROCESSOR_DEFINITIONS = (
					"DEBUG=1",
					"$(inherited)",
				);
				GCC_WARN_64_TO_32_BIT_CONVERSION = YES;
				GCC_WARN_ABOUT_RETURN_TYPE = YES_ERROR;
				GCC_WARN_UNDECLARED_SELECTOR = YES;
				GCC_WARN_UNINITIALIZED_AUTOS = YES_AGGRESSIVE;
				GCC_WARN_UNUSED_FUNCTION = YES;
				GCC_WARN_UNUSED_VARIABLE = YES;
				LOCALIZATION_PREFERS_STRING_CATALOGS = YES;
				MTL_ENABLE_DEBUG_INFO = INCLUDE_SOURCE;
				MTL_FAST_MATH = YES;
				ONLY_ACTIVE_ARCH = YES;
				SWIFT_ACTIVE_COMPILATION_CONDITIONS = "DEBUG $(inherited)";
				SWIFT_OPTIMIZATION_LEVEL = "-Onone";
			};
			name = Debug;
		};
		05D38F282C6F458C00715139 /* Release */ = {
			isa = XCBuildConfiguration;
			buildSettings = {
				ALWAYS_SEARCH_USER_PATHS = NO;
				ASSETCATALOG_COMPILER_GENERATE_SWIFT_ASSET_SYMBOL_EXTENSIONS = YES;
				CLANG_ANALYZER_NONNULL = YES;
				CLANG_ANALYZER_NUMBER_OBJECT_CONVERSION = YES_AGGRESSIVE;
				CLANG_CXX_LANGUAGE_STANDARD = "gnu++20";
				CLANG_ENABLE_MODULES = YES;
				CLANG_ENABLE_OBJC_ARC = YES;
				CLANG_ENABLE_OBJC_WEAK = YES;
				CLANG_WARN_BLOCK_CAPTURE_AUTORELEASING = YES;
				CLANG_WARN_BOOL_CONVERSION = YES;
				CLANG_WARN_COMMA = YES;
				CLANG_WARN_CONSTANT_CONVERSION = YES;
				CLANG_WARN_DEPRECATED_OBJC_IMPLEMENTATIONS = YES;
				CLANG_WARN_DIRECT_OBJC_ISA_USAGE = YES_ERROR;
				CLANG_WARN_DOCUMENTATION_COMMENTS = YES;
				CLANG_WARN_EMPTY_BODY = YES;
				CLANG_WARN_ENUM_CONVERSION = YES;
				CLANG_WARN_INFINITE_RECURSION = YES;
				CLANG_WARN_INT_CONVERSION = YES;
				CLANG_WARN_NON_LITERAL_NULL_CONVERSION = YES;
				CLANG_WARN_OBJC_IMPLICIT_RETAIN_SELF = YES;
				CLANG_WARN_OBJC_LITERAL_CONVERSION = YES;
				CLANG_WARN_OBJC_ROOT_CLASS = YES_ERROR;
				CLANG_WARN_QUOTED_INCLUDE_IN_FRAMEWORK_HEADER = YES;
				CLANG_WARN_RANGE_LOOP_ANALYSIS = YES;
				CLANG_WARN_STRICT_PROTOTYPES = YES;
				CLANG_WARN_SUSPICIOUS_MOVE = YES;
				CLANG_WARN_UNGUARDED_AVAILABILITY = YES_AGGRESSIVE;
				CLANG_WARN_UNREACHABLE_CODE = YES;
				CLANG_WARN__DUPLICATE_METHOD_MATCH = YES;
				COPY_PHASE_STRIP = NO;
				DEBUG_INFORMATION_FORMAT = "dwarf-with-dsym";
				ENABLE_NS_ASSERTIONS = NO;
				ENABLE_STRICT_OBJC_MSGSEND = YES;
				ENABLE_USER_SCRIPT_SANDBOXING = YES;
				GCC_C_LANGUAGE_STANDARD = gnu17;
				GCC_NO_COMMON_BLOCKS = YES;
				GCC_WARN_64_TO_32_BIT_CONVERSION = YES;
				GCC_WARN_ABOUT_RETURN_TYPE = YES_ERROR;
				GCC_WARN_UNDECLARED_SELECTOR = YES;
				GCC_WARN_UNINITIALIZED_AUTOS = YES_AGGRESSIVE;
				GCC_WARN_UNUSED_FUNCTION = YES;
				GCC_WARN_UNUSED_VARIABLE = YES;
				LOCALIZATION_PREFERS_STRING_CATALOGS = YES;
				MTL_ENABLE_DEBUG_INFO = NO;
				MTL_FAST_MATH = YES;
				SWIFT_COMPILATION_MODE = wholemodule;
			};
			name = Release;
		};
		05D38F2A2C6F458C00715139 /* Debug */ = {
			isa = XCBuildConfiguration;
			buildSettings = {
				ASSETCATALOG_COMPILER_APPICON_NAME = AppIcon;
				ASSETCATALOG_COMPILER_GLOBAL_ACCENT_COLOR_NAME = AccentColor;
				CODE_SIGN_ENTITLEMENTS = ExpandableSearchBarProgressiveBlurEffect/ExpandableSearchBarProgressiveBlurEffect.entitlements;
				CODE_SIGN_STYLE = Automatic;
				CURRENT_PROJECT_VERSION = 1;
				DEVELOPMENT_ASSET_PATHS = "\"ExpandableSearchBarProgressiveBlurEffect/Preview Content\"";
				DEVELOPMENT_TEAM = X7BKQLM7H9;
				ENABLE_HARDENED_RUNTIME = YES;
				ENABLE_PREVIEWS = YES;
				GENERATE_INFOPLIST_FILE = YES;
				"INFOPLIST_KEY_UIApplicationSceneManifest_Generation[sdk=iphoneos*]" = YES;
				"INFOPLIST_KEY_UIApplicationSceneManifest_Generation[sdk=iphonesimulator*]" = YES;
				"INFOPLIST_KEY_UIApplicationSupportsIndirectInputEvents[sdk=iphoneos*]" = YES;
				"INFOPLIST_KEY_UIApplicationSupportsIndirectInputEvents[sdk=iphonesimulator*]" = YES;
				"INFOPLIST_KEY_UILaunchScreen_Generation[sdk=iphoneos*]" = YES;
				"INFOPLIST_KEY_UILaunchScreen_Generation[sdk=iphonesimulator*]" = YES;
				"INFOPLIST_KEY_UIStatusBarStyle[sdk=iphoneos*]" = UIStatusBarStyleDefault;
				"INFOPLIST_KEY_UIStatusBarStyle[sdk=iphonesimulator*]" = UIStatusBarStyleDefault;
				INFOPLIST_KEY_UISupportedInterfaceOrientations_iPad = "UIInterfaceOrientationPortrait UIInterfaceOrientationPortraitUpsideDown UIInterfaceOrientationLandscapeLeft UIInterfaceOrientationLandscapeRight";
				INFOPLIST_KEY_UISupportedInterfaceOrientations_iPhone = "UIInterfaceOrientationPortrait UIInterfaceOrientationLandscapeLeft UIInterfaceOrientationLandscapeRight";
				IPHONEOS_DEPLOYMENT_TARGET = 17.5;
				LD_RUNPATH_SEARCH_PATHS = "@executable_path/Frameworks";
				"LD_RUNPATH_SEARCH_PATHS[sdk=macosx*]" = "@executable_path/../Frameworks";
				MACOSX_DEPLOYMENT_TARGET = 14.5;
				MARKETING_VERSION = 1.0;
				PRODUCT_BUNDLE_IDENTIFIER = com.alsbihawi.abbas.ExpandableSearchBarProgressiveBlurEffect;
				PRODUCT_NAME = "$(TARGET_NAME)";
				SDKROOT = auto;
				SUPPORTED_PLATFORMS = "iphoneos iphonesimulator macosx";
				SWIFT_EMIT_LOC_STRINGS = YES;
				SWIFT_VERSION = 5.0;
				TARGETED_DEVICE_FAMILY = "1,2";
			};
			name = Debug;
		};
		05D38F2B2C6F458C00715139 /* Release */ = {
			isa = XCBuildConfiguration;
			buildSettings = {
				ASSETCATALOG_COMPILER_APPICON_NAME = AppIcon;
				ASSETCATALOG_COMPILER_GLOBAL_ACCENT_COLOR_NAME = AccentColor;
				CODE_SIGN_ENTITLEMENTS = ExpandableSearchBarProgressiveBlurEffect/ExpandableSearchBarProgressiveBlurEffect.entitlements;
				CODE_SIGN_STYLE = Automatic;
				CURRENT_PROJECT_VERSION = 1;
				DEVELOPMENT_ASSET_PATHS = "\"ExpandableSearchBarProgressiveBlurEffect/Preview Content\"";
				DEVELOPMENT_TEAM = X7BKQLM7H9;
				ENABLE_HARDENED_RUNTIME = YES;
				ENABLE_PREVIEWS = YES;
				GENERATE_INFOPLIST_FILE = YES;
				"INFOPLIST_KEY_UIApplicationSceneManifest_Generation[sdk=iphoneos*]" = YES;
				"INFOPLIST_KEY_UIApplicationSceneManifest_Generation[sdk=iphonesimulator*]" = YES;
				"INFOPLIST_KEY_UIApplicationSupportsIndirectInputEvents[sdk=iphoneos*]" = YES;
				"INFOPLIST_KEY_UIApplicationSupportsIndirectInputEvents[sdk=iphonesimulator*]" = YES;
				"INFOPLIST_KEY_UILaunchScreen_Generation[sdk=iphoneos*]" = YES;
				"INFOPLIST_KEY_UILaunchScreen_Generation[sdk=iphonesimulator*]" = YES;
				"INFOPLIST_KEY_UIStatusBarStyle[sdk=iphoneos*]" = UIStatusBarStyleDefault;
				"INFOPLIST_KEY_UIStatusBarStyle[sdk=iphonesimulator*]" = UIStatusBarStyleDefault;
				INFOPLIST_KEY_UISupportedInterfaceOrientations_iPad = "UIInterfaceOrientationPortrait UIInterfaceOrientationPortraitUpsideDown UIInterfaceOrientationLandscapeLeft UIInterfaceOrientationLandscapeRight";
				INFOPLIST_KEY_UISupportedInterfaceOrientations_iPhone = "UIInterfaceOrientationPortrait UIInterfaceOrientationLandscapeLeft UIInterfaceOrientationLandscapeRight";
				IPHONEOS_DEPLOYMENT_TARGET = 17.5;
				LD_RUNPATH_SEARCH_PATHS = "@executable_path/Frameworks";
				"LD_RUNPATH_SEARCH_PATHS[sdk=macosx*]" = "@executable_path/../Frameworks";
				MACOSX_DEPLOYMENT_TARGET = 14.5;
				MARKETING_VERSION = 1.0;
				PRODUCT_BUNDLE_IDENTIFIER = com.alsbihawi.abbas.ExpandableSearchBarProgressiveBlurEffect;
				PRODUCT_NAME = "$(TARGET_NAME)";
				SDKROOT = auto;
				SUPPORTED_PLATFORMS = "iphoneos iphonesimulator macosx";
				SWIFT_EMIT_LOC_STRINGS = YES;
				SWIFT_VERSION = 5.0;
				TARGETED_DEVICE_FAMILY = "1,2";
			};
			name = Release;
		};
/* End XCBuildConfiguration section */

/* Begin XCConfigurationList section */
		05D38F152C6F458A00715139 /* Build configuration list for PBXProject "ExpandableSearchBarProgressiveBlurEffect" */ = {
			isa = XCConfigurationList;
			buildConfigurations = (
				05D38F272C6F458C00715139 /* Debug */,
				05D38F282C6F458C00715139 /* Release */,
			);
			defaultConfigurationIsVisible = 0;
			defaultConfigurationName = Release;
		};
		05D38F292C6F458C00715139 /* Build configuration list for PBXNativeTarget "ExpandableSearchBarProgressiveBlurEffect" */ = {
			isa = XCConfigurationList;
			buildConfigurations = (
				05D38F2A2C6F458C00715139 /* Debug */,
				05D38F2B2C6F458C00715139 /* Release */,
			);
			defaultConfigurationIsVisible = 0;
			defaultConfigurationName = Release;
		};
/* End XCConfigurationList section */
	};
	rootObject = 05D38F122C6F458A00715139 /* Project object */;
}
